// !$*UTF8*$!
{
	archiveVersion = 1;
	classes = {
	};
	objectVersion = 56;
	objects = {

/* Begin PBXBuildFile section */
		CB6B19842A6A171200EDB1BF /* AppDelegate.swift in Sources */ = {isa = PBXBuildFile; fileRef = CB6B19832A6A171200EDB1BF /* AppDelegate.swift */; };
		CB6B19862A6A171200EDB1BF /* SceneDelegate.swift in Sources */ = {isa = PBXBuildFile; fileRef = CB6B19852A6A171200EDB1BF /* SceneDelegate.swift */; };
		CB6B19882A6A171200EDB1BF /* ViewController.swift in Sources */ = {isa = PBXBuildFile; fileRef = CB6B19872A6A171200EDB1BF /* ViewController.swift */; };
		CB6B198B2A6A171200EDB1BF /* Main.storyboard in Resources */ = {isa = PBXBuildFile; fileRef = CB6B19892A6A171200EDB1BF /* Main.storyboard */; };
		CB6B198D2A6A171300EDB1BF /* Assets.xcassets in Resources */ = {isa = PBXBuildFile; fileRef = CB6B198C2A6A171300EDB1BF /* Assets.xcassets */; };
		CB6B19902A6A171300EDB1BF /* LaunchScreen.storyboard in Resources */ = {isa = PBXBuildFile; fileRef = CB6B198E2A6A171300EDB1BF /* LaunchScreen.storyboard */; };
		CB6B199B2A6A171300EDB1BF /* calculator_lv2Tests.swift in Sources */ = {isa = PBXBuildFile; fileRef = CB6B199A2A6A171300EDB1BF /* calculator_lv2Tests.swift */; };
		CB6B19A52A6A171300EDB1BF /* calculator_lv2UITests.swift in Sources */ = {isa = PBXBuildFile; fileRef = CB6B19A42A6A171300EDB1BF /* calculator_lv2UITests.swift */; };
		CB6B19A72A6A171300EDB1BF /* calculator_lv2UITestsLaunchTests.swift in Sources */ = {isa = PBXBuildFile; fileRef = CB6B19A62A6A171300EDB1BF /* calculator_lv2UITestsLaunchTests.swift */; };
		CB6B19B42A6A177C00EDB1BF /* calLv2.swift in Sources */ = {isa = PBXBuildFile; fileRef = CB6B19B32A6A177C00EDB1BF /* calLv2.swift */; };
		CB6B19B62A6A1B5F00EDB1BF /* calLv3.swift in Sources */ = {isa = PBXBuildFile; fileRef = CB6B19B52A6A1B5F00EDB1BF /* calLv3.swift */; };
		CBF860202A6A2385003E2BFC /* calLv4.swift in Sources */ = {isa = PBXBuildFile; fileRef = CBF8601F2A6A2385003E2BFC /* calLv4.swift */; };
/* End PBXBuildFile section */

/* Begin PBXContainerItemProxy section */
		CB6B19972A6A171300EDB1BF /* PBXContainerItemProxy */ = {
			isa = PBXContainerItemProxy;
			containerPortal = CB6B19782A6A171200EDB1BF /* Project object */;
			proxyType = 1;
			remoteGlobalIDString = CB6B197F2A6A171200EDB1BF;
			remoteInfo = "calculator lv2";
		};
		CB6B19A12A6A171300EDB1BF /* PBXContainerItemProxy */ = {
			isa = PBXContainerItemProxy;
			containerPortal = CB6B19782A6A171200EDB1BF /* Project object */;
			proxyType = 1;
			remoteGlobalIDString = CB6B197F2A6A171200EDB1BF;
			remoteInfo = "calculator lv2";
		};
/* End PBXContainerItemProxy section */

/* Begin PBXFileReference section */
		CB6B19802A6A171200EDB1BF /* calculator lv2,3.app */ = {isa = PBXFileReference; explicitFileType = wrapper.application; includeInIndex = 0; path = "calculator lv2,3.app"; sourceTree = BUILT_PRODUCTS_DIR; };
		CB6B19832A6A171200EDB1BF /* AppDelegate.swift */ = {isa = PBXFileReference; lastKnownFileType = sourcecode.swift; path = AppDelegate.swift; sourceTree = "<group>"; };
		CB6B19852A6A171200EDB1BF /* SceneDelegate.swift */ = {isa = PBXFileReference; lastKnownFileType = sourcecode.swift; path = SceneDelegate.swift; sourceTree = "<group>"; };
		CB6B19872A6A171200EDB1BF /* ViewController.swift */ = {isa = PBXFileReference; lastKnownFileType = sourcecode.swift; path = ViewController.swift; sourceTree = "<group>"; };
		CB6B198A2A6A171200EDB1BF /* Base */ = {isa = PBXFileReference; lastKnownFileType = file.storyboard; name = Base; path = Base.lproj/Main.storyboard; sourceTree = "<group>"; };
		CB6B198C2A6A171300EDB1BF /* Assets.xcassets */ = {isa = PBXFileReference; lastKnownFileType = folder.assetcatalog; path = Assets.xcassets; sourceTree = "<group>"; };
		CB6B198F2A6A171300EDB1BF /* Base */ = {isa = PBXFileReference; lastKnownFileType = file.storyboard; name = Base; path = Base.lproj/LaunchScreen.storyboard; sourceTree = "<group>"; };
		CB6B19912A6A171300EDB1BF /* Info.plist */ = {isa = PBXFileReference; lastKnownFileType = text.plist.xml; path = Info.plist; sourceTree = "<group>"; };
		CB6B19962A6A171300EDB1BF /* calculator lv2,3Tests.xctest */ = {isa = PBXFileReference; explicitFileType = wrapper.cfbundle; includeInIndex = 0; path = "calculator lv2,3Tests.xctest"; sourceTree = BUILT_PRODUCTS_DIR; };
		CB6B199A2A6A171300EDB1BF /* calculator_lv2Tests.swift */ = {isa = PBXFileReference; lastKnownFileType = sourcecode.swift; path = calculator_lv2Tests.swift; sourceTree = "<group>"; };
		CB6B19A02A6A171300EDB1BF /* calculator lv2,3UITests.xctest */ = {isa = PBXFileReference; explicitFileType = wrapper.cfbundle; includeInIndex = 0; path = "calculator lv2,3UITests.xctest"; sourceTree = BUILT_PRODUCTS_DIR; };
		CB6B19A42A6A171300EDB1BF /* calculator_lv2UITests.swift */ = {isa = PBXFileReference; lastKnownFileType = sourcecode.swift; path = calculator_lv2UITests.swift; sourceTree = "<group>"; };
		CB6B19A62A6A171300EDB1BF /* calculator_lv2UITestsLaunchTests.swift */ = {isa = PBXFileReference; lastKnownFileType = sourcecode.swift; path = calculator_lv2UITestsLaunchTests.swift; sourceTree = "<group>"; };
		CB6B19B32A6A177C00EDB1BF /* calLv2.swift */ = {isa = PBXFileReference; lastKnownFileType = sourcecode.swift; path = calLv2.swift; sourceTree = "<group>"; };
		CB6B19B52A6A1B5F00EDB1BF /* calLv3.swift */ = {isa = PBXFileReference; lastKnownFileType = sourcecode.swift; path = calLv3.swift; sourceTree = "<group>"; };
		CBF8601F2A6A2385003E2BFC /* calLv4.swift */ = {isa = PBXFileReference; lastKnownFileType = sourcecode.swift; path = calLv4.swift; sourceTree = "<group>"; };
/* End PBXFileReference section */

/* Begin PBXFrameworksBuildPhase section */
		CB6B197D2A6A171200EDB1BF /* Frameworks */ = {
			isa = PBXFrameworksBuildPhase;
			buildActionMask = 2147483647;
			files = (
			);
			runOnlyForDeploymentPostprocessing = 0;
		};
		CB6B19932A6A171300EDB1BF /* Frameworks */ = {
			isa = PBXFrameworksBuildPhase;
			buildActionMask = 2147483647;
			files = (
			);
			runOnlyForDeploymentPostprocessing = 0;
		};
		CB6B199D2A6A171300EDB1BF /* Frameworks */ = {
			isa = PBXFrameworksBuildPhase;
			buildActionMask = 2147483647;
			files = (
			);
			runOnlyForDeploymentPostprocessing = 0;
		};
/* End PBXFrameworksBuildPhase section */

/* Begin PBXGroup section */
		CB6B19772A6A171200EDB1BF = {
			isa = PBXGroup;
			children = (
				CB6B19822A6A171200EDB1BF /* calculator lv2,3 */,
				CB6B19992A6A171300EDB1BF /* calculator lv2Tests */,
				CB6B19A32A6A171300EDB1BF /* calculator lv2UITests */,
				CB6B19812A6A171200EDB1BF /* Products */,
			);
			sourceTree = "<group>";
		};
		CB6B19812A6A171200EDB1BF /* Products */ = {
			isa = PBXGroup;
			children = (
				CB6B19802A6A171200EDB1BF /* calculator lv2,3.app */,
				CB6B19962A6A171300EDB1BF /* calculator lv2,3Tests.xctest */,
				CB6B19A02A6A171300EDB1BF /* calculator lv2,3UITests.xctest */,
			);
			name = Products;
			sourceTree = "<group>";
		};
		CB6B19822A6A171200EDB1BF /* calculator lv2,3 */ = {
			isa = PBXGroup;
			children = (
				CB6B19B32A6A177C00EDB1BF /* calLv2.swift */,
				CB6B19B52A6A1B5F00EDB1BF /* calLv3.swift */,
				CBF8601F2A6A2385003E2BFC /* calLv4.swift */,
				CB6B19832A6A171200EDB1BF /* AppDelegate.swift */,
				CB6B19852A6A171200EDB1BF /* SceneDelegate.swift */,
				CB6B19872A6A171200EDB1BF /* ViewController.swift */,
				CB6B19892A6A171200EDB1BF /* Main.storyboard */,
				CB6B198C2A6A171300EDB1BF /* Assets.xcassets */,
				CB6B198E2A6A171300EDB1BF /* LaunchScreen.storyboard */,
				CB6B19912A6A171300EDB1BF /* Info.plist */,
			);
			path = "calculator lv2,3";
			sourceTree = "<group>";
		};
		CB6B19992A6A171300EDB1BF /* calculator lv2Tests */ = {
			isa = PBXGroup;
			children = (
				CB6B199A2A6A171300EDB1BF /* calculator_lv2Tests.swift */,
			);
			path = "calculator lv2Tests";
			sourceTree = "<group>";
		};
		CB6B19A32A6A171300EDB1BF /* calculator lv2UITests */ = {
			isa = PBXGroup;
			children = (
				CB6B19A42A6A171300EDB1BF /* calculator_lv2UITests.swift */,
				CB6B19A62A6A171300EDB1BF /* calculator_lv2UITestsLaunchTests.swift */,
			);
			path = "calculator lv2UITests";
			sourceTree = "<group>";
		};
/* End PBXGroup section */

/* Begin PBXNativeTarget section */
		CB6B197F2A6A171200EDB1BF /* calculator lv2,3 */ = {
			isa = PBXNativeTarget;
			buildConfigurationList = CB6B19AA2A6A171300EDB1BF /* Build configuration list for PBXNativeTarget "calculator lv2,3" */;
			buildPhases = (
				CB6B197C2A6A171200EDB1BF /* Sources */,
				CB6B197D2A6A171200EDB1BF /* Frameworks */,
				CB6B197E2A6A171200EDB1BF /* Resources */,
			);
			buildRules = (
			);
			dependencies = (
			);
			name = "calculator lv2,3";
			productName = "calculator lv2";
			productReference = CB6B19802A6A171200EDB1BF /* calculator lv2,3.app */;
			productType = "com.apple.product-type.application";
		};
		CB6B19952A6A171300EDB1BF /* calculator lv2,3Tests */ = {
			isa = PBXNativeTarget;
			buildConfigurationList = CB6B19AD2A6A171300EDB1BF /* Build configuration list for PBXNativeTarget "calculator lv2,3Tests" */;
			buildPhases = (
				CB6B19922A6A171300EDB1BF /* Sources */,
				CB6B19932A6A171300EDB1BF /* Frameworks */,
				CB6B19942A6A171300EDB1BF /* Resources */,
			);
			buildRules = (
			);
			dependencies = (
				CB6B19982A6A171300EDB1BF /* PBXTargetDependency */,
			);
			name = "calculator lv2,3Tests";
			productName = "calculator lv2Tests";
			productReference = CB6B19962A6A171300EDB1BF /* calculator lv2,3Tests.xctest */;
			productType = "com.apple.product-type.bundle.unit-test";
		};
		CB6B199F2A6A171300EDB1BF /* calculator lv2,3UITests */ = {
			isa = PBXNativeTarget;
			buildConfigurationList = CB6B19B02A6A171300EDB1BF /* Build configuration list for PBXNativeTarget "calculator lv2,3UITests" */;
			buildPhases = (
				CB6B199C2A6A171300EDB1BF /* Sources */,
				CB6B199D2A6A171300EDB1BF /* Frameworks */,
				CB6B199E2A6A171300EDB1BF /* Resources */,
			);
			buildRules = (
			);
			dependencies = (
				CB6B19A22A6A171300EDB1BF /* PBXTargetDependency */,
			);
			name = "calculator lv2,3UITests";
			productName = "calculator lv2UITests";
			productReference = CB6B19A02A6A171300EDB1BF /* calculator lv2,3UITests.xctest */;
			productType = "com.apple.product-type.bundle.ui-testing";
		};
/* End PBXNativeTarget section */

/* Begin PBXProject section */
		CB6B19782A6A171200EDB1BF /* Project object */ = {
			isa = PBXProject;
			attributes = {
				BuildIndependentTargetsInParallel = 1;
				LastSwiftUpdateCheck = 1430;
				LastUpgradeCheck = 1430;
				TargetAttributes = {
					CB6B197F2A6A171200EDB1BF = {
						CreatedOnToolsVersion = 14.3.1;
					};
					CB6B19952A6A171300EDB1BF = {
						CreatedOnToolsVersion = 14.3.1;
						TestTargetID = CB6B197F2A6A171200EDB1BF;
					};
					CB6B199F2A6A171300EDB1BF = {
						CreatedOnToolsVersion = 14.3.1;
						TestTargetID = CB6B197F2A6A171200EDB1BF;
					};
				};
			};
			buildConfigurationList = CB6B197B2A6A171200EDB1BF /* Build configuration list for PBXProject "calculator lv2,3" */;
			compatibilityVersion = "Xcode 14.0";
			developmentRegion = en;
			hasScannedForEncodings = 0;
			knownRegions = (
				en,
				Base,
			);
			mainGroup = CB6B19772A6A171200EDB1BF;
			productRefGroup = CB6B19812A6A171200EDB1BF /* Products */;
			projectDirPath = "";
			projectRoot = "";
			targets = (
				CB6B197F2A6A171200EDB1BF /* calculator lv2,3 */,
				CB6B19952A6A171300EDB1BF /* calculator lv2,3Tests */,
				CB6B199F2A6A171300EDB1BF /* calculator lv2,3UITests */,
			);
		};
/* End PBXProject section */

/* Begin PBXResourcesBuildPhase section */
		CB6B197E2A6A171200EDB1BF /* Resources */ = {
			isa = PBXResourcesBuildPhase;
			buildActionMask = 2147483647;
			files = (
				CB6B19902A6A171300EDB1BF /* LaunchScreen.storyboard in Resources */,
				CB6B198D2A6A171300EDB1BF /* Assets.xcassets in Resources */,
				CB6B198B2A6A171200EDB1BF /* Main.storyboard in Resources */,
			);
			runOnlyForDeploymentPostprocessing = 0;
		};
		CB6B19942A6A171300EDB1BF /* Resources */ = {
			isa = PBXResourcesBuildPhase;
			buildActionMask = 2147483647;
			files = (
			);
			runOnlyForDeploymentPostprocessing = 0;
		};
		CB6B199E2A6A171300EDB1BF /* Resources */ = {
			isa = PBXResourcesBuildPhase;
			buildActionMask = 2147483647;
			files = (
			);
			runOnlyForDeploymentPostprocessing = 0;
		};
/* End PBXResourcesBuildPhase section */

/* Begin PBXSourcesBuildPhase section */
		CB6B197C2A6A171200EDB1BF /* Sources */ = {
			isa = PBXSourcesBuildPhase;
			buildActionMask = 2147483647;
			files = (
				CB6B19882A6A171200EDB1BF /* ViewController.swift in Sources */,
				CB6B19842A6A171200EDB1BF /* AppDelegate.swift in Sources */,
				CB6B19B62A6A1B5F00EDB1BF /* calLv3.swift in Sources */,
				CBF860202A6A2385003E2BFC /* calLv4.swift in Sources */,
				CB6B19862A6A171200EDB1BF /* SceneDelegate.swift in Sources */,
				CB6B19B42A6A177C00EDB1BF /* calLv2.swift in Sources */,
			);
			runOnlyForDeploymentPostprocessing = 0;
		};
		CB6B19922A6A171300EDB1BF /* Sources */ = {
			isa = PBXSourcesBuildPhase;
			buildActionMask = 2147483647;
			files = (
				CB6B199B2A6A171300EDB1BF /* calculator_lv2Tests.swift in Sources */,
			);
			runOnlyForDeploymentPostprocessing = 0;
		};
		CB6B199C2A6A171300EDB1BF /* Sources */ = {
			isa = PBXSourcesBuildPhase;
			buildActionMask = 2147483647;
			files = (
				CB6B19A52A6A171300EDB1BF /* calculator_lv2UITests.swift in Sources */,
				CB6B19A72A6A171300EDB1BF /* calculator_lv2UITestsLaunchTests.swift in Sources */,
			);
			runOnlyForDeploymentPostprocessing = 0;
		};
/* End PBXSourcesBuildPhase section */

/* Begin PBXTargetDependency section */
		CB6B19982A6A171300EDB1BF /* PBXTargetDependency */ = {
			isa = PBXTargetDependency;
			target = CB6B197F2A6A171200EDB1BF /* calculator lv2,3 */;
			targetProxy = CB6B19972A6A171300EDB1BF /* PBXContainerItemProxy */;
		};
		CB6B19A22A6A171300EDB1BF /* PBXTargetDependency */ = {
			isa = PBXTargetDependency;
			target = CB6B197F2A6A171200EDB1BF /* calculator lv2,3 */;
			targetProxy = CB6B19A12A6A171300EDB1BF /* PBXContainerItemProxy */;
		};
/* End PBXTargetDependency section */

/* Begin PBXVariantGroup section */
		CB6B19892A6A171200EDB1BF /* Main.storyboard */ = {
			isa = PBXVariantGroup;
			children = (
				CB6B198A2A6A171200EDB1BF /* Base */,
			);
			name = Main.storyboard;
			sourceTree = "<group>";
		};
		CB6B198E2A6A171300EDB1BF /* LaunchScreen.storyboard */ = {
			isa = PBXVariantGroup;
			children = (
				CB6B198F2A6A171300EDB1BF /* Base */,
			);
			name = LaunchScreen.storyboard;
			sourceTree = "<group>";
		};
/* End PBXVariantGroup section */

/* Begin XCBuildConfiguration section */
		CB6B19A82A6A171300EDB1BF /* Debug */ = {
			isa = XCBuildConfiguration;
			buildSettings = {
				ALWAYS_SEARCH_USER_PATHS = NO;
				CLANG_ANALYZER_NONNULL = YES;
				CLANG_ANALYZER_NUMBER_OBJECT_CONVERSION = YES_AGGRESSIVE;
				CLANG_CXX_LANGUAGE_STANDARD = "gnu++20";
				CLANG_ENABLE_MODULES = YES;
				CLANG_ENABLE_OBJC_ARC = YES;
				CLANG_ENABLE_OBJC_WEAK = YES;
				CLANG_WARN_BLOCK_CAPTURE_AUTORELEASING = YES;
				CLANG_WARN_BOOL_CONVERSION = YES;
				CLANG_WARN_COMMA = YES;
				CLANG_WARN_CONSTANT_CONVERSION = YES;
				CLANG_WARN_DEPRECATED_OBJC_IMPLEMENTATIONS = YES;
				CLANG_WARN_DIRECT_OBJC_ISA_USAGE = YES_ERROR;
				CLANG_WARN_DOCUMENTATION_COMMENTS = YES;
				CLANG_WARN_EMPTY_BODY = YES;
				CLANG_WARN_ENUM_CONVERSION = YES;
				CLANG_WARN_INFINITE_RECURSION = YES;
				CLANG_WARN_INT_CONVERSION = YES;
				CLANG_WARN_NON_LITERAL_NULL_CONVERSION = YES;
				CLANG_WARN_OBJC_IMPLICIT_RETAIN_SELF = YES;
				CLANG_WARN_OBJC_LITERAL_CONVERSION = YES;
				CLANG_WARN_OBJC_ROOT_CLASS = YES_ERROR;
				CLANG_WARN_QUOTED_INCLUDE_IN_FRAMEWORK_HEADER = YES;
				CLANG_WARN_RANGE_LOOP_ANALYSIS = YES;
				CLANG_WARN_STRICT_PROTOTYPES = YES;
				CLANG_WARN_SUSPICIOUS_MOVE = YES;
				CLANG_WARN_UNGUARDED_AVAILABILITY = YES_AGGRESSIVE;
				CLANG_WARN_UNREACHABLE_CODE = YES;
				CLANG_WARN__DUPLICATE_METHOD_MATCH = YES;
				COPY_PHASE_STRIP = NO;
				DEBUG_INFORMATION_FORMAT = dwarf;
				ENABLE_STRICT_OBJC_MSGSEND = YES;
				ENABLE_TESTABILITY = YES;
				GCC_C_LANGUAGE_STANDARD = gnu11;
				GCC_DYNAMIC_NO_PIC = NO;
				GCC_NO_COMMON_BLOCKS = YES;
				GCC_OPTIMIZATION_LEVEL = 0;
				GCC_PREPROCESSOR_DEFINITIONS = (
					"DEBUG=1",
					"$(inherited)",
				);
				GCC_WARN_64_TO_32_BIT_CONVERSION = YES;
				GCC_WARN_ABOUT_RETURN_TYPE = YES_ERROR;
				GCC_WARN_UNDECLARED_SELECTOR = YES;
				GCC_WARN_UNINITIALIZED_AUTOS = YES_AGGRESSIVE;
				GCC_WARN_UNUSED_FUNCTION = YES;
				GCC_WARN_UNUSED_VARIABLE = YES;
				IPHONEOS_DEPLOYMENT_TARGET = 16.4;
				MTL_ENABLE_DEBUG_INFO = INCLUDE_SOURCE;
				MTL_FAST_MATH = YES;
				ONLY_ACTIVE_ARCH = YES;
				SDKROOT = iphoneos;
				SWIFT_ACTIVE_COMPILATION_CONDITIONS = DEBUG;
				SWIFT_OPTIMIZATION_LEVEL = "-Onone";
			};
			name = Debug;
		};
		CB6B19A92A6A171300EDB1BF /* Release */ = {
			isa = XCBuildConfiguration;
			buildSettings = {
				ALWAYS_SEARCH_USER_PATHS = NO;
				CLANG_ANALYZER_NONNULL = YES;
				CLANG_ANALYZER_NUMBER_OBJECT_CONVERSION = YES_AGGRESSIVE;
				CLANG_CXX_LANGUAGE_STANDARD = "gnu++20";
				CLANG_ENABLE_MODULES = YES;
				CLANG_ENABLE_OBJC_ARC = YES;
				CLANG_ENABLE_OBJC_WEAK = YES;
				CLANG_WARN_BLOCK_CAPTURE_AUTORELEASING = YES;
				CLANG_WARN_BOOL_CONVERSION = YES;
				CLANG_WARN_COMMA = YES;
				CLANG_WARN_CONSTANT_CONVERSION = YES;
				CLANG_WARN_DEPRECATED_OBJC_IMPLEMENTATIONS = YES;
				CLANG_WARN_DIRECT_OBJC_ISA_USAGE = YES_ERROR;
				CLANG_WARN_DOCUMENTATION_COMMENTS = YES;
				CLANG_WARN_EMPTY_BODY = YES;
				CLANG_WARN_ENUM_CONVERSION = YES;
				CLANG_WARN_INFINITE_RECURSION = YES;
				CLANG_WARN_INT_CONVERSION = YES;
				CLANG_WARN_NON_LITERAL_NULL_CONVERSION = YES;
				CLANG_WARN_OBJC_IMPLICIT_RETAIN_SELF = YES;
				CLANG_WARN_OBJC_LITERAL_CONVERSION = YES;
				CLANG_WARN_OBJC_ROOT_CLASS = YES_ERROR;
				CLANG_WARN_QUOTED_INCLUDE_IN_FRAMEWORK_HEADER = YES;
				CLANG_WARN_RANGE_LOOP_ANALYSIS = YES;
				CLANG_WARN_STRICT_PROTOTYPES = YES;
				CLANG_WARN_SUSPICIOUS_MOVE = YES;
				CLANG_WARN_UNGUARDED_AVAILABILITY = YES_AGGRESSIVE;
				CLANG_WARN_UNREACHABLE_CODE = YES;
				CLANG_WARN__DUPLICATE_METHOD_MATCH = YES;
				COPY_PHASE_STRIP = NO;
				DEBUG_INFORMATION_FORMAT = "dwarf-with-dsym";
				ENABLE_NS_ASSERTIONS = NO;
				ENABLE_STRICT_OBJC_MSGSEND = YES;
				GCC_C_LANGUAGE_STANDARD = gnu11;
				GCC_NO_COMMON_BLOCKS = YES;
				GCC_WARN_64_TO_32_BIT_CONVERSION = YES;
				GCC_WARN_ABOUT_RETURN_TYPE = YES_ERROR;
				GCC_WARN_UNDECLARED_SELECTOR = YES;
				GCC_WARN_UNINITIALIZED_AUTOS = YES_AGGRESSIVE;
				GCC_WARN_UNUSED_FUNCTION = YES;
				GCC_WARN_UNUSED_VARIABLE = YES;
				IPHONEOS_DEPLOYMENT_TARGET = 16.4;
				MTL_ENABLE_DEBUG_INFO = NO;
				MTL_FAST_MATH = YES;
				SDKROOT = iphoneos;
				SWIFT_COMPILATION_MODE = wholemodule;
				SWIFT_OPTIMIZATION_LEVEL = "-O";
				VALIDATE_PRODUCT = YES;
			};
			name = Release;
		};
		CB6B19AB2A6A171300EDB1BF /* Debug */ = {
			isa = XCBuildConfiguration;
			buildSettings = {
				ASSETCATALOG_COMPILER_APPICON_NAME = AppIcon;
				ASSETCATALOG_COMPILER_GLOBAL_ACCENT_COLOR_NAME = AccentColor;
				CODE_SIGN_STYLE = Automatic;
				CURRENT_PROJECT_VERSION = 1;
				GENERATE_INFOPLIST_FILE = YES;
				INFOPLIST_FILE = "calculator lv2/Info.plist";
				INFOPLIST_KEY_UIApplicationSupportsIndirectInputEvents = YES;
				INFOPLIST_KEY_UILaunchStoryboardName = LaunchScreen;
				INFOPLIST_KEY_UIMainStoryboardFile = Main;
				INFOPLIST_KEY_UISupportedInterfaceOrientations_iPad = "UIInterfaceOrientationPortrait UIInterfaceOrientationPortraitUpsideDown UIInterfaceOrientationLandscapeLeft UIInterfaceOrientationLandscapeRight";
				INFOPLIST_KEY_UISupportedInterfaceOrientations_iPhone = "UIInterfaceOrientationPortrait UIInterfaceOrientationLandscapeLeft UIInterfaceOrientationLandscapeRight";
				LD_RUNPATH_SEARCH_PATHS = (
					"$(inherited)",
					"@executable_path/Frameworks",
				);
				MARKETING_VERSION = 1.0;
				PRODUCT_BUNDLE_IDENTIFIER = "app0.calculator-lv2";
				PRODUCT_NAME = "$(TARGET_NAME)";
				SWIFT_EMIT_LOC_STRINGS = YES;
				SWIFT_VERSION = 5.0;
				TARGETED_DEVICE_FAMILY = "1,2";
			};
			name = Debug;
		};
		CB6B19AC2A6A171300EDB1BF /* Release */ = {
			isa = XCBuildConfiguration;
			buildSettings = {
				ASSETCATALOG_COMPILER_APPICON_NAME = AppIcon;
				ASSETCATALOG_COMPILER_GLOBAL_ACCENT_COLOR_NAME = AccentColor;
				CODE_SIGN_STYLE = Automatic;
				CURRENT_PROJECT_VERSION = 1;
				GENERATE_INFOPLIST_FILE = YES;
				INFOPLIST_FILE = "calculator lv2/Info.plist";
				INFOPLIST_KEY_UIApplicationSupportsIndirectInputEvents = YES;
				INFOPLIST_KEY_UILaunchStoryboardName = LaunchScreen;
				INFOPLIST_KEY_UIMainStoryboardFile = Main;
				INFOPLIST_KEY_UISupportedInterfaceOrientations_iPad = "UIInterfaceOrientationPortrait UIInterfaceOrientationPortraitUpsideDown UIInterfaceOrientationLandscapeLeft UIInterfaceOrientationLandscapeRight";
				INFOPLIST_KEY_UISupportedInterfaceOrientations_iPhone = "UIInterfaceOrientationPortrait UIInterfaceOrientationLandscapeLeft UIInterfaceOrientationLandscapeRight";
				LD_RUNPATH_SEARCH_PATHS = (
					"$(inherited)",
					"@executable_path/Frameworks",
				);
				MARKETING_VERSION = 1.0;
				PRODUCT_BUNDLE_IDENTIFIER = "app0.calculator-lv2";
				PRODUCT_NAME = "$(TARGET_NAME)";
				SWIFT_EMIT_LOC_STRINGS = YES;
				SWIFT_VERSION = 5.0;
				TARGETED_DEVICE_FAMILY = "1,2";
			};
			name = Release;
		};
		CB6B19AE2A6A171300EDB1BF /* Debug */ = {
			isa = XCBuildConfiguration;
			buildSettings = {
				ALWAYS_EMBED_SWIFT_STANDARD_LIBRARIES = YES;
				BUNDLE_LOADER = "$(TEST_HOST)";
				CODE_SIGN_STYLE = Automatic;
				CURRENT_PROJECT_VERSION = 1;
				GENERATE_INFOPLIST_FILE = YES;
				IPHONEOS_DEPLOYMENT_TARGET = 16.4;
				MARKETING_VERSION = 1.0;
				PRODUCT_BUNDLE_IDENTIFIER = "app0.calculator-lv2Tests";
				PRODUCT_NAME = "$(TARGET_NAME)";
				SWIFT_EMIT_LOC_STRINGS = NO;
				SWIFT_VERSION = 5.0;
				TARGETED_DEVICE_FAMILY = "1,2";
				TEST_HOST = "$(BUILT_PRODUCTS_DIR)/calculator lv2,3.app/$(BUNDLE_EXECUTABLE_FOLDER_PATH)/calculator lv2,3";
			};
			name = Debug;
		};
		CB6B19AF2A6A171300EDB1BF /* Release */ = {
			isa = XCBuildConfiguration;
			buildSettings = {
				ALWAYS_EMBED_SWIFT_STANDARD_LIBRARIES = YES;
				BUNDLE_LOADER = "$(TEST_HOST)";
				CODE_SIGN_STYLE = Automatic;
				CURRENT_PROJECT_VERSION = 1;
				GENERATE_INFOPLIST_FILE = YES;
				IPHONEOS_DEPLOYMENT_TARGET = 16.4;
				MARKETING_VERSION = 1.0;
				PRODUCT_BUNDLE_IDENTIFIER = "app0.calculator-lv2Tests";
				PRODUCT_NAME = "$(TARGET_NAME)";
				SWIFT_EMIT_LOC_STRINGS = NO;
				SWIFT_VERSION = 5.0;
				TARGETED_DEVICE_FAMILY = "1,2";
				TEST_HOST = "$(BUILT_PRODUCTS_DIR)/calculator lv2,3.app/$(BUNDLE_EXECUTABLE_FOLDER_PATH)/calculator lv2,3";
			};
			name = Release;
		};
		CB6B19B12A6A171300EDB1BF /* Debug */ = {
			isa = XCBuildConfiguration;
			buildSettings = {
				ALWAYS_EMBED_SWIFT_STANDARD_LIBRARIES = YES;
				CODE_SIGN_STYLE = Automatic;
				CURRENT_PROJECT_VERSION = 1;
				GENERATE_INFOPLIST_FILE = YES;
				MARKETING_VERSION = 1.0;
				PRODUCT_BUNDLE_IDENTIFIER = "app0.calculator-lv2UITests";
				PRODUCT_NAME = "$(TARGET_NAME)";
				SWIFT_EMIT_LOC_STRINGS = NO;
				SWIFT_VERSION = 5.0;
				TARGETED_DEVICE_FAMILY = "1,2";
				TEST_TARGET_NAME = "calculator lv2";
			};
			name = Debug;
		};
		CB6B19B22A6A171300EDB1BF /* Release */ = {
			isa = XCBuildConfiguration;
			buildSettings = {
				ALWAYS_EMBED_SWIFT_STANDARD_LIBRARIES = YES;
				CODE_SIGN_STYLE = Automatic;
				CURRENT_PROJECT_VERSION = 1;
				GENERATE_INFOPLIST_FILE = YES;
				MARKETING_VERSION = 1.0;
				PRODUCT_BUNDLE_IDENTIFIER = "app0.calculator-lv2UITests";
				PRODUCT_NAME = "$(TARGET_NAME)";
				SWIFT_EMIT_LOC_STRINGS = NO;
				SWIFT_VERSION = 5.0;
				TARGETED_DEVICE_FAMILY = "1,2";
				TEST_TARGET_NAME = "calculator lv2";
			};
			name = Release;
		};
/* End XCBuildConfiguration section */

/* Begin XCConfigurationList section */
		CB6B197B2A6A171200EDB1BF /* Build configuration list for PBXProject "calculator lv2,3" */ = {
			isa = XCConfigurationList;
			buildConfigurations = (
				CB6B19A82A6A171300EDB1BF /* Debug */,
				CB6B19A92A6A171300EDB1BF /* Release */,
			);
			defaultConfigurationIsVisible = 0;
			defaultConfigurationName = Release;
		};
		CB6B19AA2A6A171300EDB1BF /* Build configuration list for PBXNativeTarget "calculator lv2,3" */ = {
			isa = XCConfigurationList;
			buildConfigurations = (
				CB6B19AB2A6A171300EDB1BF /* Debug */,
				CB6B19AC2A6A171300EDB1BF /* Release */,
			);
			defaultConfigurationIsVisible = 0;
			defaultConfigurationName = Release;
		};
		CB6B19AD2A6A171300EDB1BF /* Build configuration list for PBXNativeTarget "calculator lv2,3Tests" */ = {
			isa = XCConfigurationList;
			buildConfigurations = (
				CB6B19AE2A6A171300EDB1BF /* Debug */,
				CB6B19AF2A6A171300EDB1BF /* Release */,
			);
			defaultConfigurationIsVisible = 0;
			defaultConfigurationName = Release;
		};
		CB6B19B02A6A171300EDB1BF /* Build configuration list for PBXNativeTarget "calculator lv2,3UITests" */ = {
			isa = XCConfigurationList;
			buildConfigurations = (
				CB6B19B12A6A171300EDB1BF /* Debug */,
				CB6B19B22A6A171300EDB1BF /* Release */,
			);
			defaultConfigurationIsVisible = 0;
			defaultConfigurationName = Release;
		};
/* End XCConfigurationList section */
	};
	rootObject = CB6B19782A6A171200EDB1BF /* Project object */;
}
